// !$*UTF8*$!
{
	archiveVersion = 1;
	classes = {
	};
	objectVersion = 56;
	objects = {

/* Begin PBXBuildFile section */
		AC95AA8E2B260F90003AF5C0 /* MainScreenView.swift in Sources */ = {isa = PBXBuildFile; fileRef = AC95AA8D2B260F90003AF5C0 /* MainScreenView.swift */; };
		AC95AA932B263034003AF5C0 /* QRReaderView.swift in Sources */ = {isa = PBXBuildFile; fileRef = AC95AA922B263034003AF5C0 /* QRReaderView.swift */; };
		AC95AA952B2630FE003AF5C0 /* UploadMoneyView.swift in Sources */ = {isa = PBXBuildFile; fileRef = AC95AA942B2630FE003AF5C0 /* UploadMoneyView.swift */; };
		AC95AA972B2631B3003AF5C0 /* PaymentsView.swift in Sources */ = {isa = PBXBuildFile; fileRef = AC95AA962B2631B3003AF5C0 /* PaymentsView.swift */; };
		ACC80F152AF3FAF700BF70F7 /* SOPPIOSApp.swift in Sources */ = {isa = PBXBuildFile; fileRef = ACC80F142AF3FAF700BF70F7 /* SOPPIOSApp.swift */; };
		ACC80F172AF3FAF700BF70F7 /* ContentView.swift in Sources */ = {isa = PBXBuildFile; fileRef = ACC80F162AF3FAF700BF70F7 /* ContentView.swift */; };
		ACC80F192AF3FAFD00BF70F7 /* Assets.xcassets in Resources */ = {isa = PBXBuildFile; fileRef = ACC80F182AF3FAFD00BF70F7 /* Assets.xcassets */; };
		ACC80F1C2AF3FAFD00BF70F7 /* Preview Assets.xcassets in Resources */ = {isa = PBXBuildFile; fileRef = ACC80F1B2AF3FAFD00BF70F7 /* Preview Assets.xcassets */; };
		ACC80F2A2AF3FBE900BF70F7 /* LoginView.swift in Sources */ = {isa = PBXBuildFile; fileRef = ACC80F292AF3FBE900BF70F7 /* LoginView.swift */; };
		ACC80F2C2AF3FC2000BF70F7 /* InputView.swift in Sources */ = {isa = PBXBuildFile; fileRef = ACC80F2B2AF3FC2000BF70F7 /* InputView.swift */; };
		ACC80F2E2AF4029400BF70F7 /* RegisterView.swift in Sources */ = {isa = PBXBuildFile; fileRef = ACC80F2D2AF4029400BF70F7 /* RegisterView.swift */; };
		ACC80F302AF40AA500BF70F7 /* ProfileView.swift in Sources */ = {isa = PBXBuildFile; fileRef = ACC80F2F2AF40AA500BF70F7 /* ProfileView.swift */; };
		ACC80F342AF4139900BF70F7 /* SettingsRowView.swift in Sources */ = {isa = PBXBuildFile; fileRef = ACC80F332AF4139900BF70F7 /* SettingsRowView.swift */; };
		ACD0EE522AFE0CCD00DE6306 /* User.swift in Sources */ = {isa = PBXBuildFile; fileRef = ACD0EE512AFE0CCD00DE6306 /* User.swift */; };
		ACD0EE542AFE140500DE6306 /* GoogleService-Info.plist in Resources */ = {isa = PBXBuildFile; fileRef = ACD0EE532AFE140500DE6306 /* GoogleService-Info.plist */; };
		ACD0EE572AFE157900DE6306 /* FirebaseAnalytics in Frameworks */ = {isa = PBXBuildFile; productRef = ACD0EE562AFE157900DE6306 /* FirebaseAnalytics */; };
		ACD0EE592AFE157900DE6306 /* FirebaseAnalyticsOnDeviceConversion in Frameworks */ = {isa = PBXBuildFile; productRef = ACD0EE582AFE157900DE6306 /* FirebaseAnalyticsOnDeviceConversion */; };
		ACD0EE5B2AFE157900DE6306 /* FirebaseAnalyticsSwift in Frameworks */ = {isa = PBXBuildFile; productRef = ACD0EE5A2AFE157900DE6306 /* FirebaseAnalyticsSwift */; };
		ACD0EE5D2AFE157900DE6306 /* FirebaseAnalyticsWithoutAdIdSupport in Frameworks */ = {isa = PBXBuildFile; productRef = ACD0EE5C2AFE157900DE6306 /* FirebaseAnalyticsWithoutAdIdSupport */; };
		ACD0EE5F2AFE157900DE6306 /* FirebaseAppCheck in Frameworks */ = {isa = PBXBuildFile; productRef = ACD0EE5E2AFE157900DE6306 /* FirebaseAppCheck */; };
		ACD0EE612AFE157900DE6306 /* FirebaseAppDistribution-Beta in Frameworks */ = {isa = PBXBuildFile; productRef = ACD0EE602AFE157900DE6306 /* FirebaseAppDistribution-Beta */; };
		ACD0EE632AFE157900DE6306 /* FirebaseAuth in Frameworks */ = {isa = PBXBuildFile; productRef = ACD0EE622AFE157900DE6306 /* FirebaseAuth */; };
		ACD0EE652AFE157900DE6306 /* FirebaseAuthCombine-Community in Frameworks */ = {isa = PBXBuildFile; productRef = ACD0EE642AFE157900DE6306 /* FirebaseAuthCombine-Community */; };
		ACD0EE672AFE157900DE6306 /* FirebaseCrashlytics in Frameworks */ = {isa = PBXBuildFile; productRef = ACD0EE662AFE157900DE6306 /* FirebaseCrashlytics */; };
		ACD0EE692AFE157900DE6306 /* FirebaseDatabase in Frameworks */ = {isa = PBXBuildFile; productRef = ACD0EE682AFE157900DE6306 /* FirebaseDatabase */; };
		ACD0EE6B2AFE157900DE6306 /* FirebaseDatabaseSwift in Frameworks */ = {isa = PBXBuildFile; productRef = ACD0EE6A2AFE157900DE6306 /* FirebaseDatabaseSwift */; };
		ACD0EE6D2AFE157900DE6306 /* FirebaseDynamicLinks in Frameworks */ = {isa = PBXBuildFile; productRef = ACD0EE6C2AFE157900DE6306 /* FirebaseDynamicLinks */; };
		ACD0EE6F2AFE157900DE6306 /* FirebaseFirestore in Frameworks */ = {isa = PBXBuildFile; productRef = ACD0EE6E2AFE157900DE6306 /* FirebaseFirestore */; };
		ACD0EE712AFE157900DE6306 /* FirebaseFirestoreCombine-Community in Frameworks */ = {isa = PBXBuildFile; productRef = ACD0EE702AFE157900DE6306 /* FirebaseFirestoreCombine-Community */; };
		ACD0EE732AFE157900DE6306 /* FirebaseFirestoreSwift in Frameworks */ = {isa = PBXBuildFile; productRef = ACD0EE722AFE157900DE6306 /* FirebaseFirestoreSwift */; };
		ACD0EE752AFE157900DE6306 /* FirebaseFunctions in Frameworks */ = {isa = PBXBuildFile; productRef = ACD0EE742AFE157900DE6306 /* FirebaseFunctions */; };
		ACD0EE772AFE157900DE6306 /* FirebaseFunctionsCombine-Community in Frameworks */ = {isa = PBXBuildFile; productRef = ACD0EE762AFE157900DE6306 /* FirebaseFunctionsCombine-Community */; };
		ACD0EE792AFE157900DE6306 /* FirebaseInAppMessaging-Beta in Frameworks */ = {isa = PBXBuildFile; productRef = ACD0EE782AFE157900DE6306 /* FirebaseInAppMessaging-Beta */; };
		ACD0EE7B2AFE157900DE6306 /* FirebaseInAppMessagingSwift-Beta in Frameworks */ = {isa = PBXBuildFile; productRef = ACD0EE7A2AFE157900DE6306 /* FirebaseInAppMessagingSwift-Beta */; };
		ACD0EE7D2AFE157900DE6306 /* FirebaseInstallations in Frameworks */ = {isa = PBXBuildFile; productRef = ACD0EE7C2AFE157900DE6306 /* FirebaseInstallations */; };
		ACD0EE7F2AFE157900DE6306 /* FirebaseMLModelDownloader in Frameworks */ = {isa = PBXBuildFile; productRef = ACD0EE7E2AFE157900DE6306 /* FirebaseMLModelDownloader */; };
		ACD0EE812AFE157900DE6306 /* FirebaseMessaging in Frameworks */ = {isa = PBXBuildFile; productRef = ACD0EE802AFE157900DE6306 /* FirebaseMessaging */; };
		ACD0EE832AFE157900DE6306 /* FirebasePerformance in Frameworks */ = {isa = PBXBuildFile; productRef = ACD0EE822AFE157900DE6306 /* FirebasePerformance */; };
		ACD0EE852AFE157900DE6306 /* FirebaseRemoteConfig in Frameworks */ = {isa = PBXBuildFile; productRef = ACD0EE842AFE157900DE6306 /* FirebaseRemoteConfig */; };
		ACD0EE872AFE157900DE6306 /* FirebaseRemoteConfigSwift in Frameworks */ = {isa = PBXBuildFile; productRef = ACD0EE862AFE157900DE6306 /* FirebaseRemoteConfigSwift */; };
		ACD0EE892AFE157900DE6306 /* FirebaseStorage in Frameworks */ = {isa = PBXBuildFile; productRef = ACD0EE882AFE157900DE6306 /* FirebaseStorage */; };
		ACD0EE8B2AFE157900DE6306 /* FirebaseStorageCombine-Community in Frameworks */ = {isa = PBXBuildFile; productRef = ACD0EE8A2AFE157900DE6306 /* FirebaseStorageCombine-Community */; };
		ACD0EE8F2AFE163A00DE6306 /* AuthViewModel.swift in Sources */ = {isa = PBXBuildFile; fileRef = ACD0EE8E2AFE163A00DE6306 /* AuthViewModel.swift */; };
/* End PBXBuildFile section */

/* Begin PBXFileReference section */
		AC95AA8D2B260F90003AF5C0 /* MainScreenView.swift */ = {isa = PBXFileReference; lastKnownFileType = sourcecode.swift; path = MainScreenView.swift; sourceTree = "<group>"; };
		AC95AA922B263034003AF5C0 /* QRReaderView.swift */ = {isa = PBXFileReference; lastKnownFileType = sourcecode.swift; path = QRReaderView.swift; sourceTree = "<group>"; };
		AC95AA942B2630FE003AF5C0 /* UploadMoneyView.swift */ = {isa = PBXFileReference; lastKnownFileType = sourcecode.swift; path = UploadMoneyView.swift; sourceTree = "<group>"; };
		AC95AA962B2631B3003AF5C0 /* PaymentsView.swift */ = {isa = PBXFileReference; lastKnownFileType = sourcecode.swift; path = PaymentsView.swift; sourceTree = "<group>"; };
		ACC80F112AF3FAF700BF70F7 /* SOPPIOS.app */ = {isa = PBXFileReference; explicitFileType = wrapper.application; includeInIndex = 0; path = SOPPIOS.app; sourceTree = BUILT_PRODUCTS_DIR; };
		ACC80F142AF3FAF700BF70F7 /* SOPPIOSApp.swift */ = {isa = PBXFileReference; lastKnownFileType = sourcecode.swift; path = SOPPIOSApp.swift; sourceTree = "<group>"; };
		ACC80F162AF3FAF700BF70F7 /* ContentView.swift */ = {isa = PBXFileReference; lastKnownFileType = sourcecode.swift; path = ContentView.swift; sourceTree = "<group>"; };
		ACC80F182AF3FAFD00BF70F7 /* Assets.xcassets */ = {isa = PBXFileReference; lastKnownFileType = folder.assetcatalog; path = Assets.xcassets; sourceTree = "<group>"; };
		ACC80F1B2AF3FAFD00BF70F7 /* Preview Assets.xcassets */ = {isa = PBXFileReference; lastKnownFileType = folder.assetcatalog; path = "Preview Assets.xcassets"; sourceTree = "<group>"; };
		ACC80F292AF3FBE900BF70F7 /* LoginView.swift */ = {isa = PBXFileReference; lastKnownFileType = sourcecode.swift; path = LoginView.swift; sourceTree = "<group>"; };
		ACC80F2B2AF3FC2000BF70F7 /* InputView.swift */ = {isa = PBXFileReference; lastKnownFileType = sourcecode.swift; path = InputView.swift; sourceTree = "<group>"; };
		ACC80F2D2AF4029400BF70F7 /* RegisterView.swift */ = {isa = PBXFileReference; lastKnownFileType = sourcecode.swift; path = RegisterView.swift; sourceTree = "<group>"; };
		ACC80F2F2AF40AA500BF70F7 /* ProfileView.swift */ = {isa = PBXFileReference; lastKnownFileType = sourcecode.swift; path = ProfileView.swift; sourceTree = "<group>"; };
		ACC80F332AF4139900BF70F7 /* SettingsRowView.swift */ = {isa = PBXFileReference; lastKnownFileType = sourcecode.swift; path = SettingsRowView.swift; sourceTree = "<group>"; };
		ACD0EE512AFE0CCD00DE6306 /* User.swift */ = {isa = PBXFileReference; lastKnownFileType = sourcecode.swift; path = User.swift; sourceTree = "<group>"; };
		ACD0EE532AFE140500DE6306 /* GoogleService-Info.plist */ = {isa = PBXFileReference; lastKnownFileType = text.plist; path = "GoogleService-Info.plist"; sourceTree = SOURCE_ROOT; };
		ACD0EE8E2AFE163A00DE6306 /* AuthViewModel.swift */ = {isa = PBXFileReference; lastKnownFileType = sourcecode.swift; path = AuthViewModel.swift; sourceTree = "<group>"; };
/* End PBXFileReference section */

/* Begin PBXFrameworksBuildPhase section */
		ACC80F0E2AF3FAF700BF70F7 /* Frameworks */ = {
			isa = PBXFrameworksBuildPhase;
			buildActionMask = 2147483647;
			files = (
				ACD0EE692AFE157900DE6306 /* FirebaseDatabase in Frameworks */,
				ACD0EE772AFE157900DE6306 /* FirebaseFunctionsCombine-Community in Frameworks */,
				ACD0EE6F2AFE157900DE6306 /* FirebaseFirestore in Frameworks */,
				ACD0EE5B2AFE157900DE6306 /* FirebaseAnalyticsSwift in Frameworks */,
				ACD0EE572AFE157900DE6306 /* FirebaseAnalytics in Frameworks */,
				ACD0EE592AFE157900DE6306 /* FirebaseAnalyticsOnDeviceConversion in Frameworks */,
				ACD0EE7F2AFE157900DE6306 /* FirebaseMLModelDownloader in Frameworks */,
				ACD0EE732AFE157900DE6306 /* FirebaseFirestoreSwift in Frameworks */,
				ACD0EE5F2AFE157900DE6306 /* FirebaseAppCheck in Frameworks */,
				ACD0EE5D2AFE157900DE6306 /* FirebaseAnalyticsWithoutAdIdSupport in Frameworks */,
				ACD0EE632AFE157900DE6306 /* FirebaseAuth in Frameworks */,
				ACD0EE672AFE157900DE6306 /* FirebaseCrashlytics in Frameworks */,
				ACD0EE872AFE157900DE6306 /* FirebaseRemoteConfigSwift in Frameworks */,
				ACD0EE792AFE157900DE6306 /* FirebaseInAppMessaging-Beta in Frameworks */,
				ACD0EE6B2AFE157900DE6306 /* FirebaseDatabaseSwift in Frameworks */,
				ACD0EE752AFE157900DE6306 /* FirebaseFunctions in Frameworks */,
				ACD0EE8B2AFE157900DE6306 /* FirebaseStorageCombine-Community in Frameworks */,
				ACD0EE852AFE157900DE6306 /* FirebaseRemoteConfig in Frameworks */,
				ACD0EE612AFE157900DE6306 /* FirebaseAppDistribution-Beta in Frameworks */,
				ACD0EE652AFE157900DE6306 /* FirebaseAuthCombine-Community in Frameworks */,
				ACD0EE832AFE157900DE6306 /* FirebasePerformance in Frameworks */,
				ACD0EE7B2AFE157900DE6306 /* FirebaseInAppMessagingSwift-Beta in Frameworks */,
				ACD0EE892AFE157900DE6306 /* FirebaseStorage in Frameworks */,
				ACD0EE6D2AFE157900DE6306 /* FirebaseDynamicLinks in Frameworks */,
				ACD0EE712AFE157900DE6306 /* FirebaseFirestoreCombine-Community in Frameworks */,
				ACD0EE812AFE157900DE6306 /* FirebaseMessaging in Frameworks */,
				ACD0EE7D2AFE157900DE6306 /* FirebaseInstallations in Frameworks */,
			);
			runOnlyForDeploymentPostprocessing = 0;
		};
/* End PBXFrameworksBuildPhase section */

/* Begin PBXGroup section */
		ACC80F082AF3FAF700BF70F7 = {
			isa = PBXGroup;
			children = (
				ACC80F132AF3FAF700BF70F7 /* SOPPIOS */,
				ACC80F122AF3FAF700BF70F7 /* Products */,
			);
			sourceTree = "<group>";
		};
		ACC80F122AF3FAF700BF70F7 /* Products */ = {
			isa = PBXGroup;
			children = (
				ACC80F112AF3FAF700BF70F7 /* SOPPIOS.app */,
			);
			name = Products;
			sourceTree = "<group>";
		};
		ACC80F132AF3FAF700BF70F7 /* SOPPIOS */ = {
			isa = PBXGroup;
			children = (
				ACC80F252AF3FB1800BF70F7 /* App */,
				ACC80F242AF3FB1500BF70F7 /* Components */,
				ACC80F232AF3FB1200BF70F7 /* Core */,
				ACC80F222AF3FB0D00BF70F7 /* Model */,
				ACC80F182AF3FAFD00BF70F7 /* Assets.xcassets */,
				ACD0EE532AFE140500DE6306 /* GoogleService-Info.plist */,
				ACC80F1A2AF3FAFD00BF70F7 /* Preview Content */,
			);
			path = SOPPIOS;
			sourceTree = "<group>";
		};
		ACC80F1A2AF3FAFD00BF70F7 /* Preview Content */ = {
			isa = PBXGroup;
			children = (
				ACC80F1B2AF3FAFD00BF70F7 /* Preview Assets.xcassets */,
			);
			path = "Preview Content";
			sourceTree = "<group>";
		};
		ACC80F222AF3FB0D00BF70F7 /* Model */ = {
			isa = PBXGroup;
			children = (
				ACD0EE512AFE0CCD00DE6306 /* User.swift */,
			);
			path = Model;
			sourceTree = "<group>";
		};
		ACC80F232AF3FB1200BF70F7 /* Core */ = {
			isa = PBXGroup;
			children = (
				ACC80F282AF3FB9900BF70F7 /* Authentication */,
				ACC80F272AF3FB9600BF70F7 /* Profile */,
				ACC80F262AF3FB9200BF70F7 /* Root */,
			);
			path = Core;
			sourceTree = "<group>";
		};
		ACC80F242AF3FB1500BF70F7 /* Components */ = {
			isa = PBXGroup;
			children = (
				ACC80F2B2AF3FC2000BF70F7 /* InputView.swift */,
				ACC80F332AF4139900BF70F7 /* SettingsRowView.swift */,
			);
			path = Components;
			sourceTree = "<group>";
		};
		ACC80F252AF3FB1800BF70F7 /* App */ = {
			isa = PBXGroup;
			children = (
				ACC80F142AF3FAF700BF70F7 /* SOPPIOSApp.swift */,
			);
			path = App;
			sourceTree = "<group>";
		};
		ACC80F262AF3FB9200BF70F7 /* Root */ = {
			isa = PBXGroup;
			children = (
				ACC80F162AF3FAF700BF70F7 /* ContentView.swift */,
			);
			path = Root;
			sourceTree = "<group>";
		};
		ACC80F272AF3FB9600BF70F7 /* Profile */ = {
			isa = PBXGroup;
			children = (
			);
			path = Profile;
			sourceTree = "<group>";
		};
		ACC80F282AF3FB9900BF70F7 /* Authentication */ = {
			isa = PBXGroup;
			children = (
				ACD0EE8C2AFE15DC00DE6306 /* View */,
				ACD0EE8D2AFE15E700DE6306 /* ViewModel */,
			);
			path = Authentication;
			sourceTree = "<group>";
		};
		ACD0EE8C2AFE15DC00DE6306 /* View */ = {
			isa = PBXGroup;
			children = (
				ACC80F2F2AF40AA500BF70F7 /* ProfileView.swift */,
				ACC80F292AF3FBE900BF70F7 /* LoginView.swift */,
				ACC80F2D2AF4029400BF70F7 /* RegisterView.swift */,
				AC95AA8D2B260F90003AF5C0 /* MainScreenView.swift */,
				AC95AA922B263034003AF5C0 /* QRReaderView.swift */,
				AC95AA942B2630FE003AF5C0 /* UploadMoneyView.swift */,
				AC95AA962B2631B3003AF5C0 /* PaymentsView.swift */,
			);
			path = View;
			sourceTree = "<group>";
		};
		ACD0EE8D2AFE15E700DE6306 /* ViewModel */ = {
			isa = PBXGroup;
			children = (
				ACD0EE8E2AFE163A00DE6306 /* AuthViewModel.swift */,
			);
			path = ViewModel;
			sourceTree = "<group>";
		};
/* End PBXGroup section */

/* Begin PBXNativeTarget section */
		ACC80F102AF3FAF700BF70F7 /* SOPPIOS */ = {
			isa = PBXNativeTarget;
			buildConfigurationList = ACC80F1F2AF3FAFD00BF70F7 /* Build configuration list for PBXNativeTarget "SOPPIOS" */;
			buildPhases = (
				ACC80F0D2AF3FAF700BF70F7 /* Sources */,
				ACC80F0E2AF3FAF700BF70F7 /* Frameworks */,
				ACC80F0F2AF3FAF700BF70F7 /* Resources */,
			);
			buildRules = (
			);
			dependencies = (
			);
			name = SOPPIOS;
			packageProductDependencies = (
				ACD0EE562AFE157900DE6306 /* FirebaseAnalytics */,
				ACD0EE582AFE157900DE6306 /* FirebaseAnalyticsOnDeviceConversion */,
				ACD0EE5A2AFE157900DE6306 /* FirebaseAnalyticsSwift */,
				ACD0EE5C2AFE157900DE6306 /* FirebaseAnalyticsWithoutAdIdSupport */,
				ACD0EE5E2AFE157900DE6306 /* FirebaseAppCheck */,
				ACD0EE602AFE157900DE6306 /* FirebaseAppDistribution-Beta */,
				ACD0EE622AFE157900DE6306 /* FirebaseAuth */,
				ACD0EE642AFE157900DE6306 /* FirebaseAuthCombine-Community */,
				ACD0EE662AFE157900DE6306 /* FirebaseCrashlytics */,
				ACD0EE682AFE157900DE6306 /* FirebaseDatabase */,
				ACD0EE6A2AFE157900DE6306 /* FirebaseDatabaseSwift */,
				ACD0EE6C2AFE157900DE6306 /* FirebaseDynamicLinks */,
				ACD0EE6E2AFE157900DE6306 /* FirebaseFirestore */,
				ACD0EE702AFE157900DE6306 /* FirebaseFirestoreCombine-Community */,
				ACD0EE722AFE157900DE6306 /* FirebaseFirestoreSwift */,
				ACD0EE742AFE157900DE6306 /* FirebaseFunctions */,
				ACD0EE762AFE157900DE6306 /* FirebaseFunctionsCombine-Community */,
				ACD0EE782AFE157900DE6306 /* FirebaseInAppMessaging-Beta */,
				ACD0EE7A2AFE157900DE6306 /* FirebaseInAppMessagingSwift-Beta */,
				ACD0EE7C2AFE157900DE6306 /* FirebaseInstallations */,
				ACD0EE7E2AFE157900DE6306 /* FirebaseMLModelDownloader */,
				ACD0EE802AFE157900DE6306 /* FirebaseMessaging */,
				ACD0EE822AFE157900DE6306 /* FirebasePerformance */,
				ACD0EE842AFE157900DE6306 /* FirebaseRemoteConfig */,
				ACD0EE862AFE157900DE6306 /* FirebaseRemoteConfigSwift */,
				ACD0EE882AFE157900DE6306 /* FirebaseStorage */,
				ACD0EE8A2AFE157900DE6306 /* FirebaseStorageCombine-Community */,
			);
			productName = SOPPIOS;
			productReference = ACC80F112AF3FAF700BF70F7 /* SOPPIOS.app */;
			productType = "com.apple.product-type.application";
		};
/* End PBXNativeTarget section */

/* Begin PBXProject section */
		ACC80F092AF3FAF700BF70F7 /* Project object */ = {
			isa = PBXProject;
			attributes = {
				BuildIndependentTargetsInParallel = 1;
				LastSwiftUpdateCheck = 1500;
				LastUpgradeCheck = 1500;
				TargetAttributes = {
					ACC80F102AF3FAF700BF70F7 = {
						CreatedOnToolsVersion = 15.0;
					};
				};
			};
			buildConfigurationList = ACC80F0C2AF3FAF700BF70F7 /* Build configuration list for PBXProject "SOPPIOS" */;
			compatibilityVersion = "Xcode 14.0";
			developmentRegion = en;
			hasScannedForEncodings = 0;
			knownRegions = (
				en,
				Base,
			);
			mainGroup = ACC80F082AF3FAF700BF70F7;
			packageReferences = (
				ACD0EE552AFE157900DE6306 /* XCRemoteSwiftPackageReference "firebase-ios-sdk" */,
			);
			productRefGroup = ACC80F122AF3FAF700BF70F7 /* Products */;
			projectDirPath = "";
			projectRoot = "";
			targets = (
				ACC80F102AF3FAF700BF70F7 /* SOPPIOS */,
			);
		};
/* End PBXProject section */

/* Begin PBXResourcesBuildPhase section */
		ACC80F0F2AF3FAF700BF70F7 /* Resources */ = {
			isa = PBXResourcesBuildPhase;
			buildActionMask = 2147483647;
			files = (
				ACC80F1C2AF3FAFD00BF70F7 /* Preview Assets.xcassets in Resources */,
				ACC80F192AF3FAFD00BF70F7 /* Assets.xcassets in Resources */,
				ACD0EE542AFE140500DE6306 /* GoogleService-Info.plist in Resources */,
			);
			runOnlyForDeploymentPostprocessing = 0;
		};
/* End PBXResourcesBuildPhase section */

/* Begin PBXSourcesBuildPhase section */
		ACC80F0D2AF3FAF700BF70F7 /* Sources */ = {
			isa = PBXSourcesBuildPhase;
			buildActionMask = 2147483647;
			files = (
				ACC80F2A2AF3FBE900BF70F7 /* LoginView.swift in Sources */,
				AC95AA8E2B260F90003AF5C0 /* MainScreenView.swift in Sources */,
				ACC80F2E2AF4029400BF70F7 /* RegisterView.swift in Sources */,
				ACC80F2C2AF3FC2000BF70F7 /* InputView.swift in Sources */,
				ACC80F172AF3FAF700BF70F7 /* ContentView.swift in Sources */,
				ACD0EE522AFE0CCD00DE6306 /* User.swift in Sources */,
				AC95AA932B263034003AF5C0 /* QRReaderView.swift in Sources */,
				AC95AA972B2631B3003AF5C0 /* PaymentsView.swift in Sources */,
				ACC80F302AF40AA500BF70F7 /* ProfileView.swift in Sources */,
				AC95AA952B2630FE003AF5C0 /* UploadMoneyView.swift in Sources */,
				ACC80F152AF3FAF700BF70F7 /* SOPPIOSApp.swift in Sources */,
				ACC80F342AF4139900BF70F7 /* SettingsRowView.swift in Sources */,
				ACD0EE8F2AFE163A00DE6306 /* AuthViewModel.swift in Sources */,
			);
			runOnlyForDeploymentPostprocessing = 0;
		};
/* End PBXSourcesBuildPhase section */

/* Begin XCBuildConfiguration section */
		ACC80F1D2AF3FAFD00BF70F7 /* Debug */ = {
			isa = XCBuildConfiguration;
			buildSettings = {
				ALWAYS_SEARCH_USER_PATHS = NO;
				ASSETCATALOG_COMPILER_GENERATE_SWIFT_ASSET_SYMBOL_EXTENSIONS = YES;
				CLANG_ANALYZER_NONNULL = YES;
				CLANG_ANALYZER_NUMBER_OBJECT_CONVERSION = YES_AGGRESSIVE;
				CLANG_CXX_LANGUAGE_STANDARD = "gnu++20";
				CLANG_ENABLE_MODULES = YES;
				CLANG_ENABLE_OBJC_ARC = YES;
				CLANG_ENABLE_OBJC_WEAK = YES;
				CLANG_WARN_BLOCK_CAPTURE_AUTORELEASING = YES;
				CLANG_WARN_BOOL_CONVERSION = YES;
				CLANG_WARN_COMMA = YES;
				CLANG_WARN_CONSTANT_CONVERSION = YES;
				CLANG_WARN_DEPRECATED_OBJC_IMPLEMENTATIONS = YES;
				CLANG_WARN_DIRECT_OBJC_ISA_USAGE = YES_ERROR;
				CLANG_WARN_DOCUMENTATION_COMMENTS = YES;
				CLANG_WARN_EMPTY_BODY = YES;
				CLANG_WARN_ENUM_CONVERSION = YES;
				CLANG_WARN_INFINITE_RECURSION = YES;
				CLANG_WARN_INT_CONVERSION = YES;
				CLANG_WARN_NON_LITERAL_NULL_CONVERSION = YES;
				CLANG_WARN_OBJC_IMPLICIT_RETAIN_SELF = YES;
				CLANG_WARN_OBJC_LITERAL_CONVERSION = YES;
				CLANG_WARN_OBJC_ROOT_CLASS = YES_ERROR;
				CLANG_WARN_QUOTED_INCLUDE_IN_FRAMEWORK_HEADER = YES;
				CLANG_WARN_RANGE_LOOP_ANALYSIS = YES;
				CLANG_WARN_STRICT_PROTOTYPES = YES;
				CLANG_WARN_SUSPICIOUS_MOVE = YES;
				CLANG_WARN_UNGUARDED_AVAILABILITY = YES_AGGRESSIVE;
				CLANG_WARN_UNREACHABLE_CODE = YES;
				CLANG_WARN__DUPLICATE_METHOD_MATCH = YES;
				COPY_PHASE_STRIP = NO;
				DEBUG_INFORMATION_FORMAT = dwarf;
				ENABLE_STRICT_OBJC_MSGSEND = YES;
				ENABLE_TESTABILITY = YES;
				ENABLE_USER_SCRIPT_SANDBOXING = YES;
				GCC_C_LANGUAGE_STANDARD = gnu17;
				GCC_DYNAMIC_NO_PIC = NO;
				GCC_NO_COMMON_BLOCKS = YES;
				GCC_OPTIMIZATION_LEVEL = 0;
				GCC_PREPROCESSOR_DEFINITIONS = (
					"DEBUG=1",
					"$(inherited)",
				);
				GCC_WARN_64_TO_32_BIT_CONVERSION = YES;
				GCC_WARN_ABOUT_RETURN_TYPE = YES_ERROR;
				GCC_WARN_UNDECLARED_SELECTOR = YES;
				GCC_WARN_UNINITIALIZED_AUTOS = YES_AGGRESSIVE;
				GCC_WARN_UNUSED_FUNCTION = YES;
				GCC_WARN_UNUSED_VARIABLE = YES;
				IPHONEOS_DEPLOYMENT_TARGET = 17.0;
				LOCALIZATION_PREFERS_STRING_CATALOGS = YES;
				MTL_ENABLE_DEBUG_INFO = INCLUDE_SOURCE;
				MTL_FAST_MATH = YES;
				ONLY_ACTIVE_ARCH = YES;
				SDKROOT = iphoneos;
				SWIFT_ACTIVE_COMPILATION_CONDITIONS = "DEBUG $(inherited)";
				SWIFT_OPTIMIZATION_LEVEL = "-Onone";
			};
			name = Debug;
		};
		ACC80F1E2AF3FAFD00BF70F7 /* Release */ = {
			isa = XCBuildConfiguration;
			buildSettings = {
				ALWAYS_SEARCH_USER_PATHS = NO;
				ASSETCATALOG_COMPILER_GENERATE_SWIFT_ASSET_SYMBOL_EXTENSIONS = YES;
				CLANG_ANALYZER_NONNULL = YES;
				CLANG_ANALYZER_NUMBER_OBJECT_CONVERSION = YES_AGGRESSIVE;
				CLANG_CXX_LANGUAGE_STANDARD = "gnu++20";
				CLANG_ENABLE_MODULES = YES;
				CLANG_ENABLE_OBJC_ARC = YES;
				CLANG_ENABLE_OBJC_WEAK = YES;
				CLANG_WARN_BLOCK_CAPTURE_AUTORELEASING = YES;
				CLANG_WARN_BOOL_CONVERSION = YES;
				CLANG_WARN_COMMA = YES;
				CLANG_WARN_CONSTANT_CONVERSION = YES;
				CLANG_WARN_DEPRECATED_OBJC_IMPLEMENTATIONS = YES;
				CLANG_WARN_DIRECT_OBJC_ISA_USAGE = YES_ERROR;
				CLANG_WARN_DOCUMENTATION_COMMENTS = YES;
				CLANG_WARN_EMPTY_BODY = YES;
				CLANG_WARN_ENUM_CONVERSION = YES;
				CLANG_WARN_INFINITE_RECURSION = YES;
				CLANG_WARN_INT_CONVERSION = YES;
				CLANG_WARN_NON_LITERAL_NULL_CONVERSION = YES;
				CLANG_WARN_OBJC_IMPLICIT_RETAIN_SELF = YES;
				CLANG_WARN_OBJC_LITERAL_CONVERSION = YES;
				CLANG_WARN_OBJC_ROOT_CLASS = YES_ERROR;
				CLANG_WARN_QUOTED_INCLUDE_IN_FRAMEWORK_HEADER = YES;
				CLANG_WARN_RANGE_LOOP_ANALYSIS = YES;
				CLANG_WARN_STRICT_PROTOTYPES = YES;
				CLANG_WARN_SUSPICIOUS_MOVE = YES;
				CLANG_WARN_UNGUARDED_AVAILABILITY = YES_AGGRESSIVE;
				CLANG_WARN_UNREACHABLE_CODE = YES;
				CLANG_WARN__DUPLICATE_METHOD_MATCH = YES;
				COPY_PHASE_STRIP = NO;
				DEBUG_INFORMATION_FORMAT = "dwarf-with-dsym";
				ENABLE_NS_ASSERTIONS = NO;
				ENABLE_STRICT_OBJC_MSGSEND = YES;
				ENABLE_USER_SCRIPT_SANDBOXING = YES;
				GCC_C_LANGUAGE_STANDARD = gnu17;
				GCC_NO_COMMON_BLOCKS = YES;
				GCC_WARN_64_TO_32_BIT_CONVERSION = YES;
				GCC_WARN_ABOUT_RETURN_TYPE = YES_ERROR;
				GCC_WARN_UNDECLARED_SELECTOR = YES;
				GCC_WARN_UNINITIALIZED_AUTOS = YES_AGGRESSIVE;
				GCC_WARN_UNUSED_FUNCTION = YES;
				GCC_WARN_UNUSED_VARIABLE = YES;
				IPHONEOS_DEPLOYMENT_TARGET = 17.0;
				LOCALIZATION_PREFERS_STRING_CATALOGS = YES;
				MTL_ENABLE_DEBUG_INFO = NO;
				MTL_FAST_MATH = YES;
				SDKROOT = iphoneos;
				SWIFT_COMPILATION_MODE = wholemodule;
				VALIDATE_PRODUCT = YES;
			};
			name = Release;
		};
		ACC80F202AF3FAFD00BF70F7 /* Debug */ = {
			isa = XCBuildConfiguration;
			buildSettings = {
				ASSETCATALOG_COMPILER_APPICON_NAME = AppIcon;
				ASSETCATALOG_COMPILER_GLOBAL_ACCENT_COLOR_NAME = AccentColor;
				CODE_SIGN_STYLE = Automatic;
				CURRENT_PROJECT_VERSION = 1;
				DEVELOPMENT_ASSET_PATHS = "\"SOPPIOS/Preview Content\"";
				ENABLE_PREVIEWS = YES;
				GENERATE_INFOPLIST_FILE = YES;
				INFOPLIST_KEY_UIApplicationSceneManifest_Generation = YES;
				INFOPLIST_KEY_UIApplicationSupportsIndirectInputEvents = YES;
				INFOPLIST_KEY_UILaunchScreen_Generation = YES;
				INFOPLIST_KEY_UISupportedInterfaceOrientations_iPad = "UIInterfaceOrientationPortrait UIInterfaceOrientationPortraitUpsideDown UIInterfaceOrientationLandscapeLeft UIInterfaceOrientationLandscapeRight";
				INFOPLIST_KEY_UISupportedInterfaceOrientations_iPhone = "UIInterfaceOrientationPortrait UIInterfaceOrientationLandscapeLeft UIInterfaceOrientationLandscapeRight";
				LD_RUNPATH_SEARCH_PATHS = (
					"$(inherited)",
					"@executable_path/Frameworks",
				);
				MARKETING_VERSION = 1.0;
				PRODUCT_BUNDLE_IDENTIFIER = "test-organization.SOPPIOS";
				PRODUCT_NAME = "$(TARGET_NAME)";
				SWIFT_EMIT_LOC_STRINGS = YES;
				SWIFT_VERSION = 5.0;
				TARGETED_DEVICE_FAMILY = "1,2";
			};
			name = Debug;
		};
		ACC80F212AF3FAFD00BF70F7 /* Release */ = {
			isa = XCBuildConfiguration;
			buildSettings = {
				ASSETCATALOG_COMPILER_APPICON_NAME = AppIcon;
				ASSETCATALOG_COMPILER_GLOBAL_ACCENT_COLOR_NAME = AccentColor;
				CODE_SIGN_STYLE = Automatic;
				CURRENT_PROJECT_VERSION = 1;
				DEVELOPMENT_ASSET_PATHS = "\"SOPPIOS/Preview Content\"";
				ENABLE_PREVIEWS = YES;
				GENERATE_INFOPLIST_FILE = YES;
				INFOPLIST_KEY_UIApplicationSceneManifest_Generation = YES;
				INFOPLIST_KEY_UIApplicationSupportsIndirectInputEvents = YES;
				INFOPLIST_KEY_UILaunchScreen_Generation = YES;
				INFOPLIST_KEY_UISupportedInterfaceOrientations_iPad = "UIInterfaceOrientationPortrait UIInterfaceOrientationPortraitUpsideDown UIInterfaceOrientationLandscapeLeft UIInterfaceOrientationLandscapeRight";
				INFOPLIST_KEY_UISupportedInterfaceOrientations_iPhone = "UIInterfaceOrientationPortrait UIInterfaceOrientationLandscapeLeft UIInterfaceOrientationLandscapeRight";
				LD_RUNPATH_SEARCH_PATHS = (
					"$(inherited)",
					"@executable_path/Frameworks",
				);
				MARKETING_VERSION = 1.0;
				PRODUCT_BUNDLE_IDENTIFIER = "test-organization.SOPPIOS";
				PRODUCT_NAME = "$(TARGET_NAME)";
				SWIFT_EMIT_LOC_STRINGS = YES;
				SWIFT_VERSION = 5.0;
				TARGETED_DEVICE_FAMILY = "1,2";
			};
			name = Release;
		};
/* End XCBuildConfiguration section */

/* Begin XCConfigurationList section */
		ACC80F0C2AF3FAF700BF70F7 /* Build configuration list for PBXProject "SOPPIOS" */ = {
			isa = XCConfigurationList;
			buildConfigurations = (
				ACC80F1D2AF3FAFD00BF70F7 /* Debug */,
				ACC80F1E2AF3FAFD00BF70F7 /* Release */,
			);
			defaultConfigurationIsVisible = 0;
			defaultConfigurationName = Release;
		};
		ACC80F1F2AF3FAFD00BF70F7 /* Build configuration list for PBXNativeTarget "SOPPIOS" */ = {
			isa = XCConfigurationList;
			buildConfigurations = (
				ACC80F202AF3FAFD00BF70F7 /* Debug */,
				ACC80F212AF3FAFD00BF70F7 /* Release */,
			);
			defaultConfigurationIsVisible = 0;
			defaultConfigurationName = Release;
		};
/* End XCConfigurationList section */

/* Begin XCRemoteSwiftPackageReference section */
		ACD0EE552AFE157900DE6306 /* XCRemoteSwiftPackageReference "firebase-ios-sdk" */ = {
			isa = XCRemoteSwiftPackageReference;
			repositoryURL = "https://github.com/firebase/firebase-ios-sdk";
			requirement = {
				kind = upToNextMajorVersion;
				minimumVersion = 10.17.0;
			};
		};
/* End XCRemoteSwiftPackageReference section */

/* Begin XCSwiftPackageProductDependency section */
		ACD0EE562AFE157900DE6306 /* FirebaseAnalytics */ = {
			isa = XCSwiftPackageProductDependency;
			package = ACD0EE552AFE157900DE6306 /* XCRemoteSwiftPackageReference "firebase-ios-sdk" */;
			productName = FirebaseAnalytics;
		};
		ACD0EE582AFE157900DE6306 /* FirebaseAnalyticsOnDeviceConversion */ = {
			isa = XCSwiftPackageProductDependency;
			package = ACD0EE552AFE157900DE6306 /* XCRemoteSwiftPackageReference "firebase-ios-sdk" */;
			productName = FirebaseAnalyticsOnDeviceConversion;
		};
		ACD0EE5A2AFE157900DE6306 /* FirebaseAnalyticsSwift */ = {
			isa = XCSwiftPackageProductDependency;
			package = ACD0EE552AFE157900DE6306 /* XCRemoteSwiftPackageReference "firebase-ios-sdk" */;
			productName = FirebaseAnalyticsSwift;
		};
		ACD0EE5C2AFE157900DE6306 /* FirebaseAnalyticsWithoutAdIdSupport */ = {
			isa = XCSwiftPackageProductDependency;
			package = ACD0EE552AFE157900DE6306 /* XCRemoteSwiftPackageReference "firebase-ios-sdk" */;
			productName = FirebaseAnalyticsWithoutAdIdSupport;
		};
		ACD0EE5E2AFE157900DE6306 /* FirebaseAppCheck */ = {
			isa = XCSwiftPackageProductDependency;
			package = ACD0EE552AFE157900DE6306 /* XCRemoteSwiftPackageReference "firebase-ios-sdk" */;
			productName = FirebaseAppCheck;
		};
		ACD0EE602AFE157900DE6306 /* FirebaseAppDistribution-Beta */ = {
			isa = XCSwiftPackageProductDependency;
			package = ACD0EE552AFE157900DE6306 /* XCRemoteSwiftPackageReference "firebase-ios-sdk" */;
			productName = "FirebaseAppDistribution-Beta";
		};
		ACD0EE622AFE157900DE6306 /* FirebaseAuth */ = {
			isa = XCSwiftPackageProductDependency;
			package = ACD0EE552AFE157900DE6306 /* XCRemoteSwiftPackageReference "firebase-ios-sdk" */;
			productName = FirebaseAuth;
		};
		ACD0EE642AFE157900DE6306 /* FirebaseAuthCombine-Community */ = {
			isa = XCSwiftPackageProductDependency;
			package = ACD0EE552AFE157900DE6306 /* XCRemoteSwiftPackageReference "firebase-ios-sdk" */;
			productName = "FirebaseAuthCombine-Community";
		};
		ACD0EE662AFE157900DE6306 /* FirebaseCrashlytics */ = {
			isa = XCSwiftPackageProductDependency;
			package = ACD0EE552AFE157900DE6306 /* XCRemoteSwiftPackageReference "firebase-ios-sdk" */;
			productName = FirebaseCrashlytics;
		};
		ACD0EE682AFE157900DE6306 /* FirebaseDatabase */ = {
			isa = XCSwiftPackageProductDependency;
			package = ACD0EE552AFE157900DE6306 /* XCRemoteSwiftPackageReference "firebase-ios-sdk" */;
			productName = FirebaseDatabase;
		};
		ACD0EE6A2AFE157900DE6306 /* FirebaseDatabaseSwift */ = {
			isa = XCSwiftPackageProductDependency;
			package = ACD0EE552AFE157900DE6306 /* XCRemoteSwiftPackageReference "firebase-ios-sdk" */;
			productName = FirebaseDatabaseSwift;
		};
		ACD0EE6C2AFE157900DE6306 /* FirebaseDynamicLinks */ = {
			isa = XCSwiftPackageProductDependency;
			package = ACD0EE552AFE157900DE6306 /* XCRemoteSwiftPackageReference "firebase-ios-sdk" */;
			productName = FirebaseDynamicLinks;
		};
		ACD0EE6E2AFE157900DE6306 /* FirebaseFirestore */ = {
			isa = XCSwiftPackageProductDependency;
			package = ACD0EE552AFE157900DE6306 /* XCRemoteSwiftPackageReference "firebase-ios-sdk" */;
			productName = FirebaseFirestore;
		};
		ACD0EE702AFE157900DE6306 /* FirebaseFirestoreCombine-Community */ = {
			isa = XCSwiftPackageProductDependency;
			package = ACD0EE552AFE157900DE6306 /* XCRemoteSwiftPackageReference "firebase-ios-sdk" */;
			productName = "FirebaseFirestoreCombine-Community";
		};
		ACD0EE722AFE157900DE6306 /* FirebaseFirestoreSwift */ = {
			isa = XCSwiftPackageProductDependency;
			package = ACD0EE552AFE157900DE6306 /* XCRemoteSwiftPackageReference "firebase-ios-sdk" */;
			productName = FirebaseFirestoreSwift;
		};
		ACD0EE742AFE157900DE6306 /* FirebaseFunctions */ = {
			isa = XCSwiftPackageProductDependency;
			package = ACD0EE552AFE157900DE6306 /* XCRemoteSwiftPackageReference "firebase-ios-sdk" */;
			productName = FirebaseFunctions;
		};
		ACD0EE762AFE157900DE6306 /* FirebaseFunctionsCombine-Community */ = {
			isa = XCSwiftPackageProductDependency;
			package = ACD0EE552AFE157900DE6306 /* XCRemoteSwiftPackageReference "firebase-ios-sdk" */;
			productName = "FirebaseFunctionsCombine-Community";
		};
		ACD0EE782AFE157900DE6306 /* FirebaseInAppMessaging-Beta */ = {
			isa = XCSwiftPackageProductDependency;
			package = ACD0EE552AFE157900DE6306 /* XCRemoteSwiftPackageReference "firebase-ios-sdk" */;
			productName = "FirebaseInAppMessaging-Beta";
		};
		ACD0EE7A2AFE157900DE6306 /* FirebaseInAppMessagingSwift-Beta */ = {
			isa = XCSwiftPackageProductDependency;
			package = ACD0EE552AFE157900DE6306 /* XCRemoteSwiftPackageReference "firebase-ios-sdk" */;
			productName = "FirebaseInAppMessagingSwift-Beta";
		};
		ACD0EE7C2AFE157900DE6306 /* FirebaseInstallations */ = {
			isa = XCSwiftPackageProductDependency;
			package = ACD0EE552AFE157900DE6306 /* XCRemoteSwiftPackageReference "firebase-ios-sdk" */;
			productName = FirebaseInstallations;
		};
		ACD0EE7E2AFE157900DE6306 /* FirebaseMLModelDownloader */ = {
			isa = XCSwiftPackageProductDependency;
			package = ACD0EE552AFE157900DE6306 /* XCRemoteSwiftPackageReference "firebase-ios-sdk" */;
			productName = FirebaseMLModelDownloader;
		};
		ACD0EE802AFE157900DE6306 /* FirebaseMessaging */ = {
			isa = XCSwiftPackageProductDependency;
			package = ACD0EE552AFE157900DE6306 /* XCRemoteSwiftPackageReference "firebase-ios-sdk" */;
			productName = FirebaseMessaging;
		};
		ACD0EE822AFE157900DE6306 /* FirebasePerformance */ = {
			isa = XCSwiftPackageProductDependency;
			package = ACD0EE552AFE157900DE6306 /* XCRemoteSwiftPackageReference "firebase-ios-sdk" */;
			productName = FirebasePerformance;
		};
		ACD0EE842AFE157900DE6306 /* FirebaseRemoteConfig */ = {
			isa = XCSwiftPackageProductDependency;
			package = ACD0EE552AFE157900DE6306 /* XCRemoteSwiftPackageReference "firebase-ios-sdk" */;
			productName = FirebaseRemoteConfig;
		};
		ACD0EE862AFE157900DE6306 /* FirebaseRemoteConfigSwift */ = {
			isa = XCSwiftPackageProductDependency;
			package = ACD0EE552AFE157900DE6306 /* XCRemoteSwiftPackageReference "firebase-ios-sdk" */;
			productName = FirebaseRemoteConfigSwift;
		};
		ACD0EE882AFE157900DE6306 /* FirebaseStorage */ = {
			isa = XCSwiftPackageProductDependency;
			package = ACD0EE552AFE157900DE6306 /* XCRemoteSwiftPackageReference "firebase-ios-sdk" */;
			productName = FirebaseStorage;
		};
		ACD0EE8A2AFE157900DE6306 /* FirebaseStorageCombine-Community */ = {
			isa = XCSwiftPackageProductDependency;
			package = ACD0EE552AFE157900DE6306 /* XCRemoteSwiftPackageReference "firebase-ios-sdk" */;
			productName = "FirebaseStorageCombine-Community";
		};
/* End XCSwiftPackageProductDependency section */
	};
	rootObject = ACC80F092AF3FAF700BF70F7 /* Project object */;
}
